
Microsoft Visual Studio Solution File, Format Version 12.00
# Visual Studio 15
VisualStudioVersion = 15.0.28307.1525
MinimumVisualStudioVersion = 10.0.40219.1
Project("{8BC9CEB8-8B4A-11D0-8D11-00A0C91BC942}") = "DllExe2", "DllExe2\DllExe2.vcxproj", "{54714316-989C-4564-8A17-1F3C2D7F4325}"
EndProject
Global
	GlobalSection(SolutionConfigurationPlatforms) = preSolution
		Debug|x64 = Debug|x64
		Debug|x86 = Debug|x86
		Release|x64 = Release|x64
		Release|x86 = Release|x86
	EndGlobalSection
	GlobalSection(ProjectConfigurationPlatforms) = postSolution
		{54714316-989C-4564-8A17-1F3C2D7F4325}.Debug|x64.ActiveCfg = Debug|x64
		{54714316-989C-4564-8A17-1F3C2D7F4325}.Debug|x64.Build.0 = Debug|x64
		{54714316-989C-4564-8A17-1F3C2D7F4325}.Debug|x86.ActiveCfg = Debug|Win32
		{54714316-989C-4564-8A17-1F3C2D7F4325}.Debug|x86.Build.0 = Debug|Win32
		{54714316-989C-4564-8A17-1F3C2D7F4325}.Release|x64.ActiveCfg = Release|x64
		{54714316-989C-4564-8A17-1F3C2D7F4325}.Release|x64.Build.0 = Release|x64
		{54714316-989C-4564-8A17-1F3C2D7F4325}.Release|x86.ActiveCfg = Release|Win32
		{54714316-989C-4564-8A17-1F3C2D7F4325}.Release|x86.Build.0 = Release|Win32
	EndGlobalSection
	GlobalSection(SolutionProperties) = preSolution
		HideSolutionNode = FALSE
	EndGlobalSection
	GlobalSection(ExtensibilityGlobals) = postSolution
		SolutionGuid = {B2346B9F-A3F0-4604-9E92-7E87A704D110}
	EndGlobalSection
EndGlobal
