
Microsoft Visual Studio Solution File, Format Version 12.00
# Visual Studio 15
VisualStudioVersion = 15.0.28307.1525
MinimumVisualStudioVersion = 10.0.40219.1
Project("{8BC9CEB8-8B4A-11D0-8D11-00A0C91BC942}") = "ElectionGame", "ElectionGame\ElectionGame.vcxproj", "{1C2AC218-CCE2-4762-A7B6-527A77F54BA2}"
EndProject
Global
	GlobalSection(SolutionConfigurationPlatforms) = preSolution
		Debug|x64 = Debug|x64
		Debug|x86 = Debug|x86
		Release|x64 = Release|x64
		Release|x86 = Release|x86
	EndGlobalSection
	GlobalSection(ProjectConfigurationPlatforms) = postSolution
		{1C2AC218-CCE2-4762-A7B6-527A77F54BA2}.Debug|x64.ActiveCfg = Debug|x64
		{1C2AC218-CCE2-4762-A7B6-527A77F54BA2}.Debug|x64.Build.0 = Debug|x64
		{1C2AC218-CCE2-4762-A7B6-527A77F54BA2}.Debug|x86.ActiveCfg = Debug|Win32
		{1C2AC218-CCE2-4762-A7B6-527A77F54BA2}.Debug|x86.Build.0 = Debug|Win32
		{1C2AC218-CCE2-4762-A7B6-527A77F54BA2}.Release|x64.ActiveCfg = Release|x64
		{1C2AC218-CCE2-4762-A7B6-527A77F54BA2}.Release|x64.Build.0 = Release|x64
		{1C2AC218-CCE2-4762-A7B6-527A77F54BA2}.Release|x86.ActiveCfg = Release|Win32
		{1C2AC218-CCE2-4762-A7B6-527A77F54BA2}.Release|x86.Build.0 = Release|Win32
	EndGlobalSection
	GlobalSection(SolutionProperties) = preSolution
		HideSolutionNode = FALSE
	EndGlobalSection
	GlobalSection(ExtensibilityGlobals) = postSolution
		SolutionGuid = {9BF33CFB-146F-4DE3-AE61-BB15068DEA34}
	EndGlobalSection
EndGlobal
